
Microsoft Visual Studio Solution File, Format Version 12.00
# Visual Studio 14
VisualStudioVersion = 14.0.25420.1
MinimumVisualStudioVersion = 10.0.40219.1
Project("{FAE04EC0-301F-11D3-BF4B-00C04F79EFBC}") = "Model", "Model\Model.csproj", "{205A420C-214E-48BD-AFB0-8DBD004730D0}"
EndProject
Project("{FAE04EC0-301F-11D3-BF4B-00C04F79EFBC}") = "ChromosomeViewer", "ChromosomeViewer\ChromosomeViewer.csproj", "{EFEEBF41-092D-4054-AEDC-E7333004CC5B}"
EndProject
Project("{FAE04EC0-301F-11D3-BF4B-00C04F79EFBC}") = "TestRun", "TestRun\TestRun.csproj", "{48715736-9352-4F91-B097-E4354BAEE14C}"
EndProject
Global
	GlobalSection(SolutionConfigurationPlatforms) = preSolution
		Debug|Any CPU = Debug|Any CPU
		Release|Any CPU = Release|Any CPU
	EndGlobalSection
	GlobalSection(ProjectConfigurationPlatforms) = postSolution
		{205A420C-214E-48BD-AFB0-8DBD004730D0}.Debug|Any CPU.ActiveCfg = Debug|Any CPU
		{205A420C-214E-48BD-AFB0-8DBD004730D0}.Debug|Any CPU.Build.0 = Debug|Any CPU
		{205A420C-214E-48BD-AFB0-8DBD004730D0}.Release|Any CPU.ActiveCfg = Release|Any CPU
		{205A420C-214E-48BD-AFB0-8DBD004730D0}.Release|Any CPU.Build.0 = Release|Any CPU
		{EFEEBF41-092D-4054-AEDC-E7333004CC5B}.Debug|Any CPU.ActiveCfg = Debug|Any CPU
		{EFEEBF41-092D-4054-AEDC-E7333004CC5B}.Debug|Any CPU.Build.0 = Debug|Any CPU
		{EFEEBF41-092D-4054-AEDC-E7333004CC5B}.Release|Any CPU.ActiveCfg = Release|Any CPU
		{EFEEBF41-092D-4054-AEDC-E7333004CC5B}.Release|Any CPU.Build.0 = Release|Any CPU
		{48715736-9352-4F91-B097-E4354BAEE14C}.Debug|Any CPU.ActiveCfg = Debug|Any CPU
		{48715736-9352-4F91-B097-E4354BAEE14C}.Debug|Any CPU.Build.0 = Debug|Any CPU
		{48715736-9352-4F91-B097-E4354BAEE14C}.Release|Any CPU.ActiveCfg = Release|Any CPU
		{48715736-9352-4F91-B097-E4354BAEE14C}.Release|Any CPU.Build.0 = Release|Any CPU
	EndGlobalSection
	GlobalSection(SolutionProperties) = preSolution
		HideSolutionNode = FALSE
	EndGlobalSection
EndGlobal
